// !$*UTF8*$!
{
	archiveVersion = 1;
	classes = {
	};
	objectVersion = 46;
	objects = {

/* Begin PBXBuildFile section */
		660C83861EF916C000812833 /* ACUserInfoViewController.m in Sources */ = {isa = PBXBuildFile; fileRef = 660C83851EF916C000812833 /* ACUserInfoViewController.m */; };
		660C83891EF91A0D00812833 /* ACAvatarViewController.m in Sources */ = {isa = PBXBuildFile; fileRef = 660C83881EF91A0D00812833 /* ACAvatarViewController.m */; };
		660C838C1EF91D9200812833 /* ACNicknameViewController.m in Sources */ = {isa = PBXBuildFile; fileRef = 660C838B1EF91D9200812833 /* ACNicknameViewController.m */; };
		661258D01EF8F52000B0C776 /* ACTextFieldFactory.m in Sources */ = {isa = PBXBuildFile; fileRef = 661258CF1EF8F52000B0C776 /* ACTextFieldFactory.m */; };
		661258D41EF8FD2D00B0C776 /* ACLoginViewController.m in Sources */ = {isa = PBXBuildFile; fileRef = 661258D31EF8FD2D00B0C776 /* ACLoginViewController.m */; };
		661258D71EF902AD00B0C776 /* ACRegistViewController.m in Sources */ = {isa = PBXBuildFile; fileRef = 661258D61EF902AD00B0C776 /* ACRegistViewController.m */; };
		661258DE1EF908CD00B0C776 /* ACShopViewController.m in Sources */ = {isa = PBXBuildFile; fileRef = 661258DD1EF908CD00B0C776 /* ACShopViewController.m */; };
		661258E11EF9105C00B0C776 /* ACAttetionViewController.m in Sources */ = {isa = PBXBuildFile; fileRef = 661258E01EF9105C00B0C776 /* ACAttetionViewController.m */; };
		661258E41EF9135F00B0C776 /* ACStoreViewController.m in Sources */ = {isa = PBXBuildFile; fileRef = 661258E31EF9135F00B0C776 /* ACStoreViewController.m */; };
		668D8B111F05DF50002E57A8 /* ACLogisticsListViewController.m in Sources */ = {isa = PBXBuildFile; fileRef = 668D8B101F05DF50002E57A8 /* ACLogisticsListViewController.m */; };
		668D8B141F05E8CA002E57A8 /* ACLogisticsDetailViewController.m in Sources */ = {isa = PBXBuildFile; fileRef = 668D8B131F05E8CA002E57A8 /* ACLogisticsDetailViewController.m */; };
		668E89011F04EF150002465D /* ACGoodsDetailViewController.m in Sources */ = {isa = PBXBuildFile; fileRef = 668E89001F04EF150002465D /* ACGoodsDetailViewController.m */; };
		66C272E11EFB9C56003CB5B3 /* ACConversationListViewController.m in Sources */ = {isa = PBXBuildFile; fileRef = 66C272E01EFB9C56003CB5B3 /* ACConversationListViewController.m */; };
		66C272E41EFBBE62003CB5B3 /* ACConversationViewController.m in Sources */ = {isa = PBXBuildFile; fileRef = 66C272E31EFBBE62003CB5B3 /* ACConversationViewController.m */; };
		66D869C91EF7A5ED0014B5D3 /* ACMainViewController.m in Sources */ = {isa = PBXBuildFile; fileRef = 66D869C81EF7A5ED0014B5D3 /* ACMainViewController.m */; };
		66D869CC1EF7A63D0014B5D3 /* ACMainAdCell.m in Sources */ = {isa = PBXBuildFile; fileRef = 66D869CB1EF7A63D0014B5D3 /* ACMainAdCell.m */; };
		66D869CF1EF7A7EE0014B5D3 /* ACMainKindCell.m in Sources */ = {isa = PBXBuildFile; fileRef = 66D869CE1EF7A7EE0014B5D3 /* ACMainKindCell.m */; };
		66D869D21EF7A8440014B5D3 /* Helpers.m in Sources */ = {isa = PBXBuildFile; fileRef = 66D869D11EF7A8440014B5D3 /* Helpers.m */; };
		66D869D61EF7B1760014B5D3 /* ACMainRecommondCell.m in Sources */ = {isa = PBXBuildFile; fileRef = 66D869D51EF7B1760014B5D3 /* ACMainRecommondCell.m */; };
		66D869D91EF7B6CC0014B5D3 /* ACMainSortCell.m in Sources */ = {isa = PBXBuildFile; fileRef = 66D869D81EF7B6CC0014B5D3 /* ACMainSortCell.m */; };
		66D869E01EF7CCE60014B5D3 /* ACKindViewController.m in Sources */ = {isa = PBXBuildFile; fileRef = 66D869DF1EF7CCE60014B5D3 /* ACKindViewController.m */; };
		66D869E41EF8AEFA0014B5D3 /* ACLogisticsViewController.m in Sources */ = {isa = PBXBuildFile; fileRef = 66D869E31EF8AEFA0014B5D3 /* ACLogisticsViewController.m */; };
		66D869EB1EF8C3EB0014B5D3 /* ACUserViewController.m in Sources */ = {isa = PBXBuildFile; fileRef = 66D869EA1EF8C3EB0014B5D3 /* ACUserViewController.m */; };
		66D869F01EF8CA670014B5D3 /* ACKindSortViewController.m in Sources */ = {isa = PBXBuildFile; fileRef = 66D869EF1EF8CA670014B5D3 /* ACKindSortViewController.m */; };
		66D869F31EF8CCC90014B5D3 /* ACMainCell.m in Sources */ = {isa = PBXBuildFile; fileRef = 66D869F21EF8CCC90014B5D3 /* ACMainCell.m */; };
		66F0922D1EFCC3B80051B816 /* UserModel.m in Sources */ = {isa = PBXBuildFile; fileRef = 66F0922C1EFCC3B80051B816 /* UserModel.m */; };
		66F092301EFCC5500051B816 /* NetworkModel.m in Sources */ = {isa = PBXBuildFile; fileRef = 66F0922F1EFCC5500051B816 /* NetworkModel.m */; };
		66FF2C341EF76FA500103902 /* main.m in Sources */ = {isa = PBXBuildFile; fileRef = 66FF2C331EF76FA500103902 /* main.m */; };
		66FF2C371EF76FA500103902 /* AppDelegate.m in Sources */ = {isa = PBXBuildFile; fileRef = 66FF2C361EF76FA500103902 /* AppDelegate.m */; };
		66FF2C3D1EF76FA500103902 /* Main.storyboard in Resources */ = {isa = PBXBuildFile; fileRef = 66FF2C3B1EF76FA500103902 /* Main.storyboard */; };
		66FF2C3F1EF76FA500103902 /* Assets.xcassets in Resources */ = {isa = PBXBuildFile; fileRef = 66FF2C3E1EF76FA500103902 /* Assets.xcassets */; };
		66FF2C421EF76FA500103902 /* LaunchScreen.storyboard in Resources */ = {isa = PBXBuildFile; fileRef = 66FF2C401EF76FA500103902 /* LaunchScreen.storyboard */; };
		66FF2C4D1EF76FA600103902 /* ArchitectureTests.m in Sources */ = {isa = PBXBuildFile; fileRef = 66FF2C4C1EF76FA600103902 /* ArchitectureTests.m */; };
		66FF2C581EF76FA600103902 /* ArchitectureUITests.m in Sources */ = {isa = PBXBuildFile; fileRef = 66FF2C571EF76FA600103902 /* ArchitectureUITests.m */; };
		7BC60E5ECC1DBA246B1297A0 /* Pods_ArchitectureUITests.framework in Frameworks */ = {isa = PBXBuildFile; fileRef = 475269E2CA9602EAA7C39A80 /* Pods_ArchitectureUITests.framework */; };
		7D5BC207BB4E4B19C06F35CD /* Pods_ArchitectureTests.framework in Frameworks */ = {isa = PBXBuildFile; fileRef = 8D36F1017F8B6FCB599EE5B6 /* Pods_ArchitectureTests.framework */; };
		922A888DD3C3EB7E0DA23988 /* Pods_Architecture.framework in Frameworks */ = {isa = PBXBuildFile; fileRef = FF02E2A90375DCFE487E1677 /* Pods_Architecture.framework */; };
/* End PBXBuildFile section */

/* Begin PBXContainerItemProxy section */
		66FF2C491EF76FA600103902 /* PBXContainerItemProxy */ = {
			isa = PBXContainerItemProxy;
			containerPortal = 66FF2C271EF76FA500103902 /* Project object */;
			proxyType = 1;
			remoteGlobalIDString = 66FF2C2E1EF76FA500103902;
			remoteInfo = Architecture;
		};
		66FF2C541EF76FA600103902 /* PBXContainerItemProxy */ = {
			isa = PBXContainerItemProxy;
			containerPortal = 66FF2C271EF76FA500103902 /* Project object */;
			proxyType = 1;
			remoteGlobalIDString = 66FF2C2E1EF76FA500103902;
			remoteInfo = Architecture;
		};
/* End PBXContainerItemProxy section */

/* Begin PBXFileReference section */
		0471F0224501307F98D8433B /* Pods-ArchitectureUITests.release.xcconfig */ = {isa = PBXFileReference; includeInIndex = 1; lastKnownFileType = text.xcconfig; name = "Pods-ArchitectureUITests.release.xcconfig"; path = "Pods/Target Support Files/Pods-ArchitectureUITests/Pods-ArchitectureUITests.release.xcconfig"; sourceTree = "<group>"; };
		0B21B8A21D00DC406DFE2B81 /* Pods-ArchitectureTests.debug.xcconfig */ = {isa = PBXFileReference; includeInIndex = 1; lastKnownFileType = text.xcconfig; name = "Pods-ArchitectureTests.debug.xcconfig"; path = "Pods/Target Support Files/Pods-ArchitectureTests/Pods-ArchitectureTests.debug.xcconfig"; sourceTree = "<group>"; };
		32FA63CDB5A9BF78702F8771 /* Pods-Architecture.release.xcconfig */ = {isa = PBXFileReference; includeInIndex = 1; lastKnownFileType = text.xcconfig; name = "Pods-Architecture.release.xcconfig"; path = "Pods/Target Support Files/Pods-Architecture/Pods-Architecture.release.xcconfig"; sourceTree = "<group>"; };
		475269E2CA9602EAA7C39A80 /* Pods_ArchitectureUITests.framework */ = {isa = PBXFileReference; explicitFileType = wrapper.framework; includeInIndex = 0; path = Pods_ArchitectureUITests.framework; sourceTree = BUILT_PRODUCTS_DIR; };
		660C83841EF916C000812833 /* ACUserInfoViewController.h */ = {isa = PBXFileReference; fileEncoding = 4; lastKnownFileType = sourcecode.c.h; path = ACUserInfoViewController.h; sourceTree = "<group>"; };
		660C83851EF916C000812833 /* ACUserInfoViewController.m */ = {isa = PBXFileReference; fileEncoding = 4; lastKnownFileType = sourcecode.c.objc; path = ACUserInfoViewController.m; sourceTree = "<group>"; };
		660C83871EF91A0D00812833 /* ACAvatarViewController.h */ = {isa = PBXFileReference; fileEncoding = 4; lastKnownFileType = sourcecode.c.h; path = ACAvatarViewController.h; sourceTree = "<group>"; };
		660C83881EF91A0D00812833 /* ACAvatarViewController.m */ = {isa = PBXFileReference; fileEncoding = 4; lastKnownFileType = sourcecode.c.objc; path = ACAvatarViewController.m; sourceTree = "<group>"; };
		660C838A1EF91D9200812833 /* ACNicknameViewController.h */ = {isa = PBXFileReference; fileEncoding = 4; lastKnownFileType = sourcecode.c.h; path = ACNicknameViewController.h; sourceTree = "<group>"; };
		660C838B1EF91D9200812833 /* ACNicknameViewController.m */ = {isa = PBXFileReference; fileEncoding = 4; lastKnownFileType = sourcecode.c.objc; path = ACNicknameViewController.m; sourceTree = "<group>"; };
		661258CE1EF8F52000B0C776 /* ACTextFieldFactory.h */ = {isa = PBXFileReference; fileEncoding = 4; lastKnownFileType = sourcecode.c.h; path = ACTextFieldFactory.h; sourceTree = "<group>"; };
		661258CF1EF8F52000B0C776 /* ACTextFieldFactory.m */ = {isa = PBXFileReference; fileEncoding = 4; lastKnownFileType = sourcecode.c.objc; path = ACTextFieldFactory.m; sourceTree = "<group>"; };
		661258D21EF8FD2D00B0C776 /* ACLoginViewController.h */ = {isa = PBXFileReference; fileEncoding = 4; lastKnownFileType = sourcecode.c.h; path = ACLoginViewController.h; sourceTree = "<group>"; };
		661258D31EF8FD2D00B0C776 /* ACLoginViewController.m */ = {isa = PBXFileReference; fileEncoding = 4; lastKnownFileType = sourcecode.c.objc; path = ACLoginViewController.m; sourceTree = "<group>"; };
		661258D51EF902AD00B0C776 /* ACRegistViewController.h */ = {isa = PBXFileReference; fileEncoding = 4; lastKnownFileType = sourcecode.c.h; path = ACRegistViewController.h; sourceTree = "<group>"; };
		661258D61EF902AD00B0C776 /* ACRegistViewController.m */ = {isa = PBXFileReference; fileEncoding = 4; lastKnownFileType = sourcecode.c.objc; path = ACRegistViewController.m; sourceTree = "<group>"; };
		661258DC1EF908CD00B0C776 /* ACShopViewController.h */ = {isa = PBXFileReference; fileEncoding = 4; lastKnownFileType = sourcecode.c.h; path = ACShopViewController.h; sourceTree = "<group>"; };
		661258DD1EF908CD00B0C776 /* ACShopViewController.m */ = {isa = PBXFileReference; fileEncoding = 4; lastKnownFileType = sourcecode.c.objc; path = ACShopViewController.m; sourceTree = "<group>"; };
		661258DF1EF9105C00B0C776 /* ACAttetionViewController.h */ = {isa = PBXFileReference; fileEncoding = 4; lastKnownFileType = sourcecode.c.h; path = ACAttetionViewController.h; sourceTree = "<group>"; };
		661258E01EF9105C00B0C776 /* ACAttetionViewController.m */ = {isa = PBXFileReference; fileEncoding = 4; lastKnownFileType = sourcecode.c.objc; path = ACAttetionViewController.m; sourceTree = "<group>"; };
		661258E21EF9135F00B0C776 /* ACStoreViewController.h */ = {isa = PBXFileReference; fileEncoding = 4; lastKnownFileType = sourcecode.c.h; path = ACStoreViewController.h; sourceTree = "<group>"; };
		661258E31EF9135F00B0C776 /* ACStoreViewController.m */ = {isa = PBXFileReference; fileEncoding = 4; lastKnownFileType = sourcecode.c.objc; path = ACStoreViewController.m; sourceTree = "<group>"; };
		668D8B0F1F05DF50002E57A8 /* ACLogisticsListViewController.h */ = {isa = PBXFileReference; fileEncoding = 4; lastKnownFileType = sourcecode.c.h; path = ACLogisticsListViewController.h; sourceTree = "<group>"; };
		668D8B101F05DF50002E57A8 /* ACLogisticsListViewController.m */ = {isa = PBXFileReference; fileEncoding = 4; lastKnownFileType = sourcecode.c.objc; path = ACLogisticsListViewController.m; sourceTree = "<group>"; };
		668D8B121F05E8CA002E57A8 /* ACLogisticsDetailViewController.h */ = {isa = PBXFileReference; fileEncoding = 4; lastKnownFileType = sourcecode.c.h; path = ACLogisticsDetailViewController.h; sourceTree = "<group>"; };
		668D8B131F05E8CA002E57A8 /* ACLogisticsDetailViewController.m */ = {isa = PBXFileReference; fileEncoding = 4; lastKnownFileType = sourcecode.c.objc; path = ACLogisticsDetailViewController.m; sourceTree = "<group>"; };
		668E88FF1F04EF150002465D /* ACGoodsDetailViewController.h */ = {isa = PBXFileReference; fileEncoding = 4; lastKnownFileType = sourcecode.c.h; path = ACGoodsDetailViewController.h; sourceTree = "<group>"; };
		668E89001F04EF150002465D /* ACGoodsDetailViewController.m */ = {isa = PBXFileReference; fileEncoding = 4; lastKnownFileType = sourcecode.c.objc; path = ACGoodsDetailViewController.m; sourceTree = "<group>"; };
		66C272DF1EFB9C56003CB5B3 /* ACConversationListViewController.h */ = {isa = PBXFileReference; fileEncoding = 4; lastKnownFileType = sourcecode.c.h; path = ACConversationListViewController.h; sourceTree = "<group>"; };
		66C272E01EFB9C56003CB5B3 /* ACConversationListViewController.m */ = {isa = PBXFileReference; fileEncoding = 4; lastKnownFileType = sourcecode.c.objc; path = ACConversationListViewController.m; sourceTree = "<group>"; };
		66C272E21EFBBE62003CB5B3 /* ACConversationViewController.h */ = {isa = PBXFileReference; fileEncoding = 4; lastKnownFileType = sourcecode.c.h; path = ACConversationViewController.h; sourceTree = "<group>"; };
		66C272E31EFBBE62003CB5B3 /* ACConversationViewController.m */ = {isa = PBXFileReference; fileEncoding = 4; lastKnownFileType = sourcecode.c.objc; path = ACConversationViewController.m; sourceTree = "<group>"; };
		66D869C71EF7A5ED0014B5D3 /* ACMainViewController.h */ = {isa = PBXFileReference; fileEncoding = 4; lastKnownFileType = sourcecode.c.h; path = ACMainViewController.h; sourceTree = "<group>"; };
		66D869C81EF7A5ED0014B5D3 /* ACMainViewController.m */ = {isa = PBXFileReference; fileEncoding = 4; lastKnownFileType = sourcecode.c.objc; path = ACMainViewController.m; sourceTree = "<group>"; };
		66D869CA1EF7A63D0014B5D3 /* ACMainAdCell.h */ = {isa = PBXFileReference; fileEncoding = 4; lastKnownFileType = sourcecode.c.h; path = ACMainAdCell.h; sourceTree = "<group>"; };
		66D869CB1EF7A63D0014B5D3 /* ACMainAdCell.m */ = {isa = PBXFileReference; fileEncoding = 4; lastKnownFileType = sourcecode.c.objc; path = ACMainAdCell.m; sourceTree = "<group>"; };
		66D869CD1EF7A7EE0014B5D3 /* ACMainKindCell.h */ = {isa = PBXFileReference; fileEncoding = 4; lastKnownFileType = sourcecode.c.h; path = ACMainKindCell.h; sourceTree = "<group>"; };
		66D869CE1EF7A7EE0014B5D3 /* ACMainKindCell.m */ = {isa = PBXFileReference; fileEncoding = 4; lastKnownFileType = sourcecode.c.objc; path = ACMainKindCell.m; sourceTree = "<group>"; };
		66D869D01EF7A8440014B5D3 /* Helpers.h */ = {isa = PBXFileReference; fileEncoding = 4; lastKnownFileType = sourcecode.c.h; path = Helpers.h; sourceTree = "<group>"; };
		66D869D11EF7A8440014B5D3 /* Helpers.m */ = {isa = PBXFileReference; fileEncoding = 4; lastKnownFileType = sourcecode.c.objc; path = Helpers.m; sourceTree = "<group>"; };
		66D869D41EF7B1760014B5D3 /* ACMainRecommondCell.h */ = {isa = PBXFileReference; fileEncoding = 4; lastKnownFileType = sourcecode.c.h; path = ACMainRecommondCell.h; sourceTree = "<group>"; };
		66D869D51EF7B1760014B5D3 /* ACMainRecommondCell.m */ = {isa = PBXFileReference; fileEncoding = 4; lastKnownFileType = sourcecode.c.objc; path = ACMainRecommondCell.m; sourceTree = "<group>"; };
		66D869D71EF7B6CC0014B5D3 /* ACMainSortCell.h */ = {isa = PBXFileReference; fileEncoding = 4; lastKnownFileType = sourcecode.c.h; path = ACMainSortCell.h; sourceTree = "<group>"; };
		66D869D81EF7B6CC0014B5D3 /* ACMainSortCell.m */ = {isa = PBXFileReference; fileEncoding = 4; lastKnownFileType = sourcecode.c.objc; path = ACMainSortCell.m; sourceTree = "<group>"; };
		66D869DE1EF7CCE60014B5D3 /* ACKindViewController.h */ = {isa = PBXFileReference; fileEncoding = 4; lastKnownFileType = sourcecode.c.h; path = ACKindViewController.h; sourceTree = "<group>"; };
		66D869DF1EF7CCE60014B5D3 /* ACKindViewController.m */ = {isa = PBXFileReference; fileEncoding = 4; lastKnownFileType = sourcecode.c.objc; path = ACKindViewController.m; sourceTree = "<group>"; };
		66D869E21EF8AEFA0014B5D3 /* ACLogisticsViewController.h */ = {isa = PBXFileReference; fileEncoding = 4; lastKnownFileType = sourcecode.c.h; path = ACLogisticsViewController.h; sourceTree = "<group>"; };
		66D869E31EF8AEFA0014B5D3 /* ACLogisticsViewController.m */ = {isa = PBXFileReference; fileEncoding = 4; lastKnownFileType = sourcecode.c.objc; path = ACLogisticsViewController.m; sourceTree = "<group>"; };
		66D869E91EF8C3EB0014B5D3 /* ACUserViewController.h */ = {isa = PBXFileReference; fileEncoding = 4; lastKnownFileType = sourcecode.c.h; path = ACUserViewController.h; sourceTree = "<group>"; };
		66D869EA1EF8C3EB0014B5D3 /* ACUserViewController.m */ = {isa = PBXFileReference; fileEncoding = 4; lastKnownFileType = sourcecode.c.objc; path = ACUserViewController.m; sourceTree = "<group>"; };
		66D869EE1EF8CA670014B5D3 /* ACKindSortViewController.h */ = {isa = PBXFileReference; fileEncoding = 4; lastKnownFileType = sourcecode.c.h; path = ACKindSortViewController.h; sourceTree = "<group>"; };
		66D869EF1EF8CA670014B5D3 /* ACKindSortViewController.m */ = {isa = PBXFileReference; fileEncoding = 4; lastKnownFileType = sourcecode.c.objc; path = ACKindSortViewController.m; sourceTree = "<group>"; };
		66D869F11EF8CCC90014B5D3 /* ACMainCell.h */ = {isa = PBXFileReference; fileEncoding = 4; lastKnownFileType = sourcecode.c.h; path = ACMainCell.h; sourceTree = "<group>"; };
		66D869F21EF8CCC90014B5D3 /* ACMainCell.m */ = {isa = PBXFileReference; fileEncoding = 4; lastKnownFileType = sourcecode.c.objc; path = ACMainCell.m; sourceTree = "<group>"; };
		66DAC7021EFA60A900DEFA87 /* Architecture.entitlements */ = {isa = PBXFileReference; lastKnownFileType = text.plist.entitlements; path = Architecture.entitlements; sourceTree = "<group>"; };
		66F0922B1EFCC3B80051B816 /* UserModel.h */ = {isa = PBXFileReference; fileEncoding = 4; lastKnownFileType = sourcecode.c.h; path = UserModel.h; sourceTree = "<group>"; };
		66F0922C1EFCC3B80051B816 /* UserModel.m */ = {isa = PBXFileReference; fileEncoding = 4; lastKnownFileType = sourcecode.c.objc; path = UserModel.m; sourceTree = "<group>"; };
		66F0922E1EFCC5500051B816 /* NetworkModel.h */ = {isa = PBXFileReference; fileEncoding = 4; lastKnownFileType = sourcecode.c.h; path = NetworkModel.h; sourceTree = "<group>"; };
		66F0922F1EFCC5500051B816 /* NetworkModel.m */ = {isa = PBXFileReference; fileEncoding = 4; lastKnownFileType = sourcecode.c.objc; path = NetworkModel.m; sourceTree = "<group>"; };
		66FF2C2F1EF76FA500103902 /* Architecture.app */ = {isa = PBXFileReference; explicitFileType = wrapper.application; includeInIndex = 0; path = Architecture.app; sourceTree = BUILT_PRODUCTS_DIR; };
		66FF2C331EF76FA500103902 /* main.m */ = {isa = PBXFileReference; lastKnownFileType = sourcecode.c.objc; path = main.m; sourceTree = "<group>"; };
		66FF2C351EF76FA500103902 /* AppDelegate.h */ = {isa = PBXFileReference; lastKnownFileType = sourcecode.c.h; path = AppDelegate.h; sourceTree = "<group>"; };
		66FF2C361EF76FA500103902 /* AppDelegate.m */ = {isa = PBXFileReference; lastKnownFileType = sourcecode.c.objc; path = AppDelegate.m; sourceTree = "<group>"; };
		66FF2C3C1EF76FA500103902 /* Base */ = {isa = PBXFileReference; lastKnownFileType = file.storyboard; name = Base; path = Base.lproj/Main.storyboard; sourceTree = "<group>"; };
		66FF2C3E1EF76FA500103902 /* Assets.xcassets */ = {isa = PBXFileReference; lastKnownFileType = folder.assetcatalog; path = Assets.xcassets; sourceTree = "<group>"; };
		66FF2C411EF76FA500103902 /* Base */ = {isa = PBXFileReference; lastKnownFileType = file.storyboard; name = Base; path = Base.lproj/LaunchScreen.storyboard; sourceTree = "<group>"; };
		66FF2C431EF76FA500103902 /* Info.plist */ = {isa = PBXFileReference; lastKnownFileType = text.plist.xml; path = Info.plist; sourceTree = "<group>"; };
		66FF2C481EF76FA600103902 /* ArchitectureTests.xctest */ = {isa = PBXFileReference; explicitFileType = wrapper.cfbundle; includeInIndex = 0; path = ArchitectureTests.xctest; sourceTree = BUILT_PRODUCTS_DIR; };
		66FF2C4C1EF76FA600103902 /* ArchitectureTests.m */ = {isa = PBXFileReference; lastKnownFileType = sourcecode.c.objc; path = ArchitectureTests.m; sourceTree = "<group>"; };
		66FF2C4E1EF76FA600103902 /* Info.plist */ = {isa = PBXFileReference; lastKnownFileType = text.plist.xml; path = Info.plist; sourceTree = "<group>"; };
		66FF2C531EF76FA600103902 /* ArchitectureUITests.xctest */ = {isa = PBXFileReference; explicitFileType = wrapper.cfbundle; includeInIndex = 0; path = ArchitectureUITests.xctest; sourceTree = BUILT_PRODUCTS_DIR; };
		66FF2C571EF76FA600103902 /* ArchitectureUITests.m */ = {isa = PBXFileReference; lastKnownFileType = sourcecode.c.objc; path = ArchitectureUITests.m; sourceTree = "<group>"; };
		66FF2C591EF76FA600103902 /* Info.plist */ = {isa = PBXFileReference; lastKnownFileType = text.plist.xml; path = Info.plist; sourceTree = "<group>"; };
		8D36F1017F8B6FCB599EE5B6 /* Pods_ArchitectureTests.framework */ = {isa = PBXFileReference; explicitFileType = wrapper.framework; includeInIndex = 0; path = Pods_ArchitectureTests.framework; sourceTree = BUILT_PRODUCTS_DIR; };
		BE4AFDB4623C67A1B7C0A495 /* Pods-ArchitectureTests.release.xcconfig */ = {isa = PBXFileReference; includeInIndex = 1; lastKnownFileType = text.xcconfig; name = "Pods-ArchitectureTests.release.xcconfig"; path = "Pods/Target Support Files/Pods-ArchitectureTests/Pods-ArchitectureTests.release.xcconfig"; sourceTree = "<group>"; };
		DCA4C096EE17287FA82F9319 /* Pods-Architecture.debug.xcconfig */ = {isa = PBXFileReference; includeInIndex = 1; lastKnownFileType = text.xcconfig; name = "Pods-Architecture.debug.xcconfig"; path = "Pods/Target Support Files/Pods-Architecture/Pods-Architecture.debug.xcconfig"; sourceTree = "<group>"; };
		F984925B32EADD2ECEA6AC92 /* Pods-ArchitectureUITests.debug.xcconfig */ = {isa = PBXFileReference; includeInIndex = 1; lastKnownFileType = text.xcconfig; name = "Pods-ArchitectureUITests.debug.xcconfig"; path = "Pods/Target Support Files/Pods-ArchitectureUITests/Pods-ArchitectureUITests.debug.xcconfig"; sourceTree = "<group>"; };
		FF02E2A90375DCFE487E1677 /* Pods_Architecture.framework */ = {isa = PBXFileReference; explicitFileType = wrapper.framework; includeInIndex = 0; path = Pods_Architecture.framework; sourceTree = BUILT_PRODUCTS_DIR; };
/* End PBXFileReference section */

/* Begin PBXFrameworksBuildPhase section */
		66FF2C2C1EF76FA500103902 /* Frameworks */ = {
			isa = PBXFrameworksBuildPhase;
			buildActionMask = 2147483647;
			files = (
				922A888DD3C3EB7E0DA23988 /* Pods_Architecture.framework in Frameworks */,
			);
			runOnlyForDeploymentPostprocessing = 0;
		};
		66FF2C451EF76FA600103902 /* Frameworks */ = {
			isa = PBXFrameworksBuildPhase;
			buildActionMask = 2147483647;
			files = (
				7D5BC207BB4E4B19C06F35CD /* Pods_ArchitectureTests.framework in Frameworks */,
			);
			runOnlyForDeploymentPostprocessing = 0;
		};
		66FF2C501EF76FA600103902 /* Frameworks */ = {
			isa = PBXFrameworksBuildPhase;
			buildActionMask = 2147483647;
			files = (
				7BC60E5ECC1DBA246B1297A0 /* Pods_ArchitectureUITests.framework in Frameworks */,
			);
			runOnlyForDeploymentPostprocessing = 0;
		};
/* End PBXFrameworksBuildPhase section */

/* Begin PBXGroup section */
		5BA9016AB20ADA7858B35F70 /* Pods */ = {
			isa = PBXGroup;
			children = (
				DCA4C096EE17287FA82F9319 /* Pods-Architecture.debug.xcconfig */,
				32FA63CDB5A9BF78702F8771 /* Pods-Architecture.release.xcconfig */,
				0B21B8A21D00DC406DFE2B81 /* Pods-ArchitectureTests.debug.xcconfig */,
				BE4AFDB4623C67A1B7C0A495 /* Pods-ArchitectureTests.release.xcconfig */,
				F984925B32EADD2ECEA6AC92 /* Pods-ArchitectureUITests.debug.xcconfig */,
				0471F0224501307F98D8433B /* Pods-ArchitectureUITests.release.xcconfig */,
			);
			name = Pods;
			sourceTree = "<group>";
		};
		661258D11EF8FD1D00B0C776 /* Login */ = {
			isa = PBXGroup;
			children = (
				661258D21EF8FD2D00B0C776 /* ACLoginViewController.h */,
				661258D31EF8FD2D00B0C776 /* ACLoginViewController.m */,
				661258D51EF902AD00B0C776 /* ACRegistViewController.h */,
				661258D61EF902AD00B0C776 /* ACRegistViewController.m */,
			);
			path = Login;
			sourceTree = "<group>";
		};
		661258D81EF908A100B0C776 /* UserFunction */ = {
			isa = PBXGroup;
			children = (
				661258DC1EF908CD00B0C776 /* ACShopViewController.h */,
				661258DD1EF908CD00B0C776 /* ACShopViewController.m */,
				661258DF1EF9105C00B0C776 /* ACAttetionViewController.h */,
				661258E01EF9105C00B0C776 /* ACAttetionViewController.m */,
				661258E21EF9135F00B0C776 /* ACStoreViewController.h */,
				661258E31EF9135F00B0C776 /* ACStoreViewController.m */,
				660C83841EF916C000812833 /* ACUserInfoViewController.h */,
				660C83851EF916C000812833 /* ACUserInfoViewController.m */,
				660C83871EF91A0D00812833 /* ACAvatarViewController.h */,
				660C83881EF91A0D00812833 /* ACAvatarViewController.m */,
				660C838A1EF91D9200812833 /* ACNicknameViewController.h */,
				660C838B1EF91D9200812833 /* ACNicknameViewController.m */,
			);
			path = UserFunction;
			sourceTree = "<group>";
		};
		66C272DE1EFB9C1A003CB5B3 /* ChatVC */ = {
			isa = PBXGroup;
			children = (
				66C272DF1EFB9C56003CB5B3 /* ACConversationListViewController.h */,
				66C272E01EFB9C56003CB5B3 /* ACConversationListViewController.m */,
				66C272E21EFBBE62003CB5B3 /* ACConversationViewController.h */,
				66C272E31EFBBE62003CB5B3 /* ACConversationViewController.m */,
			);
			path = ChatVC;
			sourceTree = "<group>";
		};
		66D869C11EF7A54D0014B5D3 /* MainVC */ = {
			isa = PBXGroup;
			children = (
				66D869C71EF7A5ED0014B5D3 /* ACMainViewController.h */,
				66D869C81EF7A5ED0014B5D3 /* ACMainViewController.m */,
				66D869DD1EF7CCC60014B5D3 /* ListVC */,
			);
			path = MainVC;
			sourceTree = "<group>";
		};
		66D869C51EF7A5AE0014B5D3 /* CustomView */ = {
			isa = PBXGroup;
			children = (
				66D869F11EF8CCC90014B5D3 /* ACMainCell.h */,
				66D869F21EF8CCC90014B5D3 /* ACMainCell.m */,
				66D869CA1EF7A63D0014B5D3 /* ACMainAdCell.h */,
				66D869CB1EF7A63D0014B5D3 /* ACMainAdCell.m */,
				66D869CD1EF7A7EE0014B5D3 /* ACMainKindCell.h */,
				66D869CE1EF7A7EE0014B5D3 /* ACMainKindCell.m */,
				66D869D41EF7B1760014B5D3 /* ACMainRecommondCell.h */,
				66D869D51EF7B1760014B5D3 /* ACMainRecommondCell.m */,
				66D869D71EF7B6CC0014B5D3 /* ACMainSortCell.h */,
				66D869D81EF7B6CC0014B5D3 /* ACMainSortCell.m */,
			);
			path = CustomView;
			sourceTree = "<group>";
		};
		66D869C61EF7A5B70014B5D3 /* Helpers */ = {
			isa = PBXGroup;
			children = (
				66D869D01EF7A8440014B5D3 /* Helpers.h */,
				66D869D11EF7A8440014B5D3 /* Helpers.m */,
				661258CE1EF8F52000B0C776 /* ACTextFieldFactory.h */,
				661258CF1EF8F52000B0C776 /* ACTextFieldFactory.m */,
				66F0922B1EFCC3B80051B816 /* UserModel.h */,
				66F0922C1EFCC3B80051B816 /* UserModel.m */,
				66F0922E1EFCC5500051B816 /* NetworkModel.h */,
				66F0922F1EFCC5500051B816 /* NetworkModel.m */,
			);
			path = Helpers;
			sourceTree = "<group>";
		};
		66D869DD1EF7CCC60014B5D3 /* ListVC */ = {
			isa = PBXGroup;
			children = (
				66D869DE1EF7CCE60014B5D3 /* ACKindViewController.h */,
				66D869DF1EF7CCE60014B5D3 /* ACKindViewController.m */,
				66D869EE1EF8CA670014B5D3 /* ACKindSortViewController.h */,
				66D869EF1EF8CA670014B5D3 /* ACKindSortViewController.m */,
				668E88FF1F04EF150002465D /* ACGoodsDetailViewController.h */,
				668E89001F04EF150002465D /* ACGoodsDetailViewController.m */,
			);
			path = ListVC;
			sourceTree = "<group>";
		};
		66D869E11EF8AEE80014B5D3 /* Logistics */ = {
			isa = PBXGroup;
			children = (
				66D869E21EF8AEFA0014B5D3 /* ACLogisticsViewController.h */,
				66D869E31EF8AEFA0014B5D3 /* ACLogisticsViewController.m */,
				668D8B0F1F05DF50002E57A8 /* ACLogisticsListViewController.h */,
				668D8B101F05DF50002E57A8 /* ACLogisticsListViewController.m */,
				668D8B121F05E8CA002E57A8 /* ACLogisticsDetailViewController.h */,
				668D8B131F05E8CA002E57A8 /* ACLogisticsDetailViewController.m */,
			);
			path = Logistics;
			sourceTree = "<group>";
		};
		66D869E51EF8BD1C0014B5D3 /* UserVC */ = {
			isa = PBXGroup;
			children = (
				66D869E91EF8C3EB0014B5D3 /* ACUserViewController.h */,
				66D869EA1EF8C3EB0014B5D3 /* ACUserViewController.m */,
				661258D81EF908A100B0C776 /* UserFunction */,
			);
			path = UserVC;
			sourceTree = "<group>";
		};
		66FF2C261EF76FA500103902 = {
			isa = PBXGroup;
			children = (
				66FF2C311EF76FA500103902 /* Architecture */,
				66FF2C4B1EF76FA600103902 /* ArchitectureTests */,
				66FF2C561EF76FA600103902 /* ArchitectureUITests */,
				66FF2C301EF76FA500103902 /* Products */,
				5BA9016AB20ADA7858B35F70 /* Pods */,
				E595B735BE4F9D6E71D73304 /* Frameworks */,
			);
			sourceTree = "<group>";
		};
		66FF2C301EF76FA500103902 /* Products */ = {
			isa = PBXGroup;
			children = (
				66FF2C2F1EF76FA500103902 /* Architecture.app */,
				66FF2C481EF76FA600103902 /* ArchitectureTests.xctest */,
				66FF2C531EF76FA600103902 /* ArchitectureUITests.xctest */,
			);
			name = Products;
			sourceTree = "<group>";
		};
		66FF2C311EF76FA500103902 /* Architecture */ = {
			isa = PBXGroup;
			children = (
				66DAC7021EFA60A900DEFA87 /* Architecture.entitlements */,
				66D869C61EF7A5B70014B5D3 /* Helpers */,
				66D869C51EF7A5AE0014B5D3 /* CustomView */,
				66D869C11EF7A54D0014B5D3 /* MainVC */,
				66D869E11EF8AEE80014B5D3 /* Logistics */,
				66D869E51EF8BD1C0014B5D3 /* UserVC */,
				661258D11EF8FD1D00B0C776 /* Login */,
				66C272DE1EFB9C1A003CB5B3 /* ChatVC */,
				66FF2C351EF76FA500103902 /* AppDelegate.h */,
				66FF2C361EF76FA500103902 /* AppDelegate.m */,
				66FF2C3B1EF76FA500103902 /* Main.storyboard */,
				66FF2C3E1EF76FA500103902 /* Assets.xcassets */,
				66FF2C401EF76FA500103902 /* LaunchScreen.storyboard */,
				66FF2C431EF76FA500103902 /* Info.plist */,
				66FF2C321EF76FA500103902 /* Supporting Files */,
			);
			path = Architecture;
			sourceTree = "<group>";
		};
		66FF2C321EF76FA500103902 /* Supporting Files */ = {
			isa = PBXGroup;
			children = (
				66FF2C331EF76FA500103902 /* main.m */,
			);
			name = "Supporting Files";
			sourceTree = "<group>";
		};
		66FF2C4B1EF76FA600103902 /* ArchitectureTests */ = {
			isa = PBXGroup;
			children = (
				66FF2C4C1EF76FA600103902 /* ArchitectureTests.m */,
				66FF2C4E1EF76FA600103902 /* Info.plist */,
			);
			path = ArchitectureTests;
			sourceTree = "<group>";
		};
		66FF2C561EF76FA600103902 /* ArchitectureUITests */ = {
			isa = PBXGroup;
			children = (
				66FF2C571EF76FA600103902 /* ArchitectureUITests.m */,
				66FF2C591EF76FA600103902 /* Info.plist */,
			);
			path = ArchitectureUITests;
			sourceTree = "<group>";
		};
		E595B735BE4F9D6E71D73304 /* Frameworks */ = {
			isa = PBXGroup;
			children = (
				FF02E2A90375DCFE487E1677 /* Pods_Architecture.framework */,
				8D36F1017F8B6FCB599EE5B6 /* Pods_ArchitectureTests.framework */,
				475269E2CA9602EAA7C39A80 /* Pods_ArchitectureUITests.framework */,
			);
			name = Frameworks;
			sourceTree = "<group>";
		};
/* End PBXGroup section */

/* Begin PBXNativeTarget section */
		66FF2C2E1EF76FA500103902 /* Architecture */ = {
			isa = PBXNativeTarget;
			buildConfigurationList = 66FF2C5C1EF76FA600103902 /* Build configuration list for PBXNativeTarget "Architecture" */;
			buildPhases = (
				A0F34442B26B2B6CAC52CDE9 /* [CP] Check Pods Manifest.lock */,
				66FF2C2B1EF76FA500103902 /* Sources */,
				66FF2C2C1EF76FA500103902 /* Frameworks */,
				66FF2C2D1EF76FA500103902 /* Resources */,
				37341D736D0753F61D2D1CA4 /* [CP] Embed Pods Frameworks */,
				0341119BC610E15EEF07D348 /* [CP] Copy Pods Resources */,
			);
			buildRules = (
			);
			dependencies = (
			);
			name = Architecture;
			productName = Architecture;
			productReference = 66FF2C2F1EF76FA500103902 /* Architecture.app */;
			productType = "com.apple.product-type.application";
		};
		66FF2C471EF76FA600103902 /* ArchitectureTests */ = {
			isa = PBXNativeTarget;
			buildConfigurationList = 66FF2C5F1EF76FA600103902 /* Build configuration list for PBXNativeTarget "ArchitectureTests" */;
			buildPhases = (
				EF0733DA0397416794218D44 /* [CP] Check Pods Manifest.lock */,
				66FF2C441EF76FA600103902 /* Sources */,
				66FF2C451EF76FA600103902 /* Frameworks */,
				66FF2C461EF76FA600103902 /* Resources */,
				B6E91C04FB7B6A5C6DB7AC47 /* [CP] Embed Pods Frameworks */,
				4E51C5BC121AB5D76786CE33 /* [CP] Copy Pods Resources */,
			);
			buildRules = (
			);
			dependencies = (
				66FF2C4A1EF76FA600103902 /* PBXTargetDependency */,
			);
			name = ArchitectureTests;
			productName = ArchitectureTests;
			productReference = 66FF2C481EF76FA600103902 /* ArchitectureTests.xctest */;
			productType = "com.apple.product-type.bundle.unit-test";
		};
		66FF2C521EF76FA600103902 /* ArchitectureUITests */ = {
			isa = PBXNativeTarget;
			buildConfigurationList = 66FF2C621EF76FA600103902 /* Build configuration list for PBXNativeTarget "ArchitectureUITests" */;
			buildPhases = (
				BA4DDC0310A97EAC105ECDD8 /* [CP] Check Pods Manifest.lock */,
				66FF2C4F1EF76FA600103902 /* Sources */,
				66FF2C501EF76FA600103902 /* Frameworks */,
				66FF2C511EF76FA600103902 /* Resources */,
				195DAD06CDBC539BCFF775D0 /* [CP] Embed Pods Frameworks */,
				BEFA4695927DE021562B058B /* [CP] Copy Pods Resources */,
			);
			buildRules = (
			);
			dependencies = (
				66FF2C551EF76FA600103902 /* PBXTargetDependency */,
			);
			name = ArchitectureUITests;
			productName = ArchitectureUITests;
			productReference = 66FF2C531EF76FA600103902 /* ArchitectureUITests.xctest */;
			productType = "com.apple.product-type.bundle.ui-testing";
		};
/* End PBXNativeTarget section */

/* Begin PBXProject section */
		66FF2C271EF76FA500103902 /* Project object */ = {
			isa = PBXProject;
			attributes = {
				LastUpgradeCheck = 0830;
				ORGANIZATIONNAME = YunTu;
				TargetAttributes = {
					66FF2C2E1EF76FA500103902 = {
						CreatedOnToolsVersion = 8.3.2;
						DevelopmentTeam = PA5REWWP2Y;
						ProvisioningStyle = Automatic;
						SystemCapabilities = {
							com.apple.BackgroundModes = {
								enabled = 1;
							};
							com.apple.Push = {
								enabled = 1;
							};
						};
					};
					66FF2C471EF76FA600103902 = {
						CreatedOnToolsVersion = 8.3.2;
						DevelopmentTeam = PA5REWWP2Y;
						ProvisioningStyle = Automatic;
						TestTargetID = 66FF2C2E1EF76FA500103902;
					};
					66FF2C521EF76FA600103902 = {
						CreatedOnToolsVersion = 8.3.2;
						DevelopmentTeam = PA5REWWP2Y;
						ProvisioningStyle = Automatic;
						TestTargetID = 66FF2C2E1EF76FA500103902;
					};
				};
			};
			buildConfigurationList = 66FF2C2A1EF76FA500103902 /* Build configuration list for PBXProject "Architecture" */;
			compatibilityVersion = "Xcode 3.2";
			developmentRegion = English;
			hasScannedForEncodings = 0;
			knownRegions = (
				en,
				Base,
			);
			mainGroup = 66FF2C261EF76FA500103902;
			productRefGroup = 66FF2C301EF76FA500103902 /* Products */;
			projectDirPath = "";
			projectRoot = "";
			targets = (
				66FF2C2E1EF76FA500103902 /* Architecture */,
				66FF2C471EF76FA600103902 /* ArchitectureTests */,
				66FF2C521EF76FA600103902 /* ArchitectureUITests */,
			);
		};
/* End PBXProject section */

/* Begin PBXResourcesBuildPhase section */
		66FF2C2D1EF76FA500103902 /* Resources */ = {
			isa = PBXResourcesBuildPhase;
			buildActionMask = 2147483647;
			files = (
				66FF2C421EF76FA500103902 /* LaunchScreen.storyboard in Resources */,
				66FF2C3F1EF76FA500103902 /* Assets.xcassets in Resources */,
				66FF2C3D1EF76FA500103902 /* Main.storyboard in Resources */,
			);
			runOnlyForDeploymentPostprocessing = 0;
		};
		66FF2C461EF76FA600103902 /* Resources */ = {
			isa = PBXResourcesBuildPhase;
			buildActionMask = 2147483647;
			files = (
			);
			runOnlyForDeploymentPostprocessing = 0;
		};
		66FF2C511EF76FA600103902 /* Resources */ = {
			isa = PBXResourcesBuildPhase;
			buildActionMask = 2147483647;
			files = (
			);
			runOnlyForDeploymentPostprocessing = 0;
		};
/* End PBXResourcesBuildPhase section */

/* Begin PBXShellScriptBuildPhase section */
		0341119BC610E15EEF07D348 /* [CP] Copy Pods Resources */ = {
			isa = PBXShellScriptBuildPhase;
			buildActionMask = 2147483647;
			files = (
			);
			inputPaths = (
			);
			name = "[CP] Copy Pods Resources";
			outputPaths = (
			);
			runOnlyForDeploymentPostprocessing = 0;
			shellPath = /bin/sh;
			shellScript = "\"${SRCROOT}/Pods/Target Support Files/Pods-Architecture/Pods-Architecture-resources.sh\"\n";
			showEnvVarsInLog = 0;
		};
		195DAD06CDBC539BCFF775D0 /* [CP] Embed Pods Frameworks */ = {
			isa = PBXShellScriptBuildPhase;
			buildActionMask = 2147483647;
			files = (
			);
			inputPaths = (
			);
			name = "[CP] Embed Pods Frameworks";
			outputPaths = (
			);
			runOnlyForDeploymentPostprocessing = 0;
			shellPath = /bin/sh;
			shellScript = "\"${SRCROOT}/Pods/Target Support Files/Pods-ArchitectureUITests/Pods-ArchitectureUITests-frameworks.sh\"\n";
			showEnvVarsInLog = 0;
		};
		37341D736D0753F61D2D1CA4 /* [CP] Embed Pods Frameworks */ = {
			isa = PBXShellScriptBuildPhase;
			buildActionMask = 2147483647;
			files = (
			);
			inputPaths = (
			);
			name = "[CP] Embed Pods Frameworks";
			outputPaths = (
			);
			runOnlyForDeploymentPostprocessing = 0;
			shellPath = /bin/sh;
			shellScript = "\"${SRCROOT}/Pods/Target Support Files/Pods-Architecture/Pods-Architecture-frameworks.sh\"\n";
			showEnvVarsInLog = 0;
		};
		4E51C5BC121AB5D76786CE33 /* [CP] Copy Pods Resources */ = {
			isa = PBXShellScriptBuildPhase;
			buildActionMask = 2147483647;
			files = (
			);
			inputPaths = (
			);
			name = "[CP] Copy Pods Resources";
			outputPaths = (
			);
			runOnlyForDeploymentPostprocessing = 0;
			shellPath = /bin/sh;
			shellScript = "\"${SRCROOT}/Pods/Target Support Files/Pods-ArchitectureTests/Pods-ArchitectureTests-resources.sh\"\n";
			showEnvVarsInLog = 0;
		};
		A0F34442B26B2B6CAC52CDE9 /* [CP] Check Pods Manifest.lock */ = {
			isa = PBXShellScriptBuildPhase;
			buildActionMask = 2147483647;
			files = (
			);
			inputPaths = (
			);
			name = "[CP] Check Pods Manifest.lock";
			outputPaths = (
			);
			runOnlyForDeploymentPostprocessing = 0;
			shellPath = /bin/sh;
			shellScript = "diff \"${PODS_PODFILE_DIR_PATH}/Podfile.lock\" \"${PODS_ROOT}/Manifest.lock\" > /dev/null\nif [ $? != 0 ] ; then\n    # print error to STDERR\n    echo \"error: The sandbox is not in sync with the Podfile.lock. Run 'pod install' or update your CocoaPods installation.\" >&2\n    exit 1\nfi\n";
			showEnvVarsInLog = 0;
		};
		B6E91C04FB7B6A5C6DB7AC47 /* [CP] Embed Pods Frameworks */ = {
			isa = PBXShellScriptBuildPhase;
			buildActionMask = 2147483647;
			files = (
			);
			inputPaths = (
			);
			name = "[CP] Embed Pods Frameworks";
			outputPaths = (
			);
			runOnlyForDeploymentPostprocessing = 0;
			shellPath = /bin/sh;
			shellScript = "\"${SRCROOT}/Pods/Target Support Files/Pods-ArchitectureTests/Pods-ArchitectureTests-frameworks.sh\"\n";
			showEnvVarsInLog = 0;
		};
		BA4DDC0310A97EAC105ECDD8 /* [CP] Check Pods Manifest.lock */ = {
			isa = PBXShellScriptBuildPhase;
			buildActionMask = 2147483647;
			files = (
			);
			inputPaths = (
			);
			name = "[CP] Check Pods Manifest.lock";
			outputPaths = (
			);
			runOnlyForDeploymentPostprocessing = 0;
			shellPath = /bin/sh;
			shellScript = "diff \"${PODS_PODFILE_DIR_PATH}/Podfile.lock\" \"${PODS_ROOT}/Manifest.lock\" > /dev/null\nif [ $? != 0 ] ; then\n    # print error to STDERR\n    echo \"error: The sandbox is not in sync with the Podfile.lock. Run 'pod install' or update your CocoaPods installation.\" >&2\n    exit 1\nfi\n";
			showEnvVarsInLog = 0;
		};
		BEFA4695927DE021562B058B /* [CP] Copy Pods Resources */ = {
			isa = PBXShellScriptBuildPhase;
			buildActionMask = 2147483647;
			files = (
			);
			inputPaths = (
			);
			name = "[CP] Copy Pods Resources";
			outputPaths = (
			);
			runOnlyForDeploymentPostprocessing = 0;
			shellPath = /bin/sh;
			shellScript = "\"${SRCROOT}/Pods/Target Support Files/Pods-ArchitectureUITests/Pods-ArchitectureUITests-resources.sh\"\n";
			showEnvVarsInLog = 0;
		};
		EF0733DA0397416794218D44 /* [CP] Check Pods Manifest.lock */ = {
			isa = PBXShellScriptBuildPhase;
			buildActionMask = 2147483647;
			files = (
			);
			inputPaths = (
			);
			name = "[CP] Check Pods Manifest.lock";
			outputPaths = (
			);
			runOnlyForDeploymentPostprocessing = 0;
			shellPath = /bin/sh;
			shellScript = "diff \"${PODS_PODFILE_DIR_PATH}/Podfile.lock\" \"${PODS_ROOT}/Manifest.lock\" > /dev/null\nif [ $? != 0 ] ; then\n    # print error to STDERR\n    echo \"error: The sandbox is not in sync with the Podfile.lock. Run 'pod install' or update your CocoaPods installation.\" >&2\n    exit 1\nfi\n";
			showEnvVarsInLog = 0;
		};
/* End PBXShellScriptBuildPhase section */

/* Begin PBXSourcesBuildPhase section */
		66FF2C2B1EF76FA500103902 /* Sources */ = {
			isa = PBXSourcesBuildPhase;
			buildActionMask = 2147483647;
			files = (
				66D869F31EF8CCC90014B5D3 /* ACMainCell.m in Sources */,
				66F0922D1EFCC3B80051B816 /* UserModel.m in Sources */,
				66D869C91EF7A5ED0014B5D3 /* ACMainViewController.m in Sources */,
				66D869F01EF8CA670014B5D3 /* ACKindSortViewController.m in Sources */,
				66D869D61EF7B1760014B5D3 /* ACMainRecommondCell.m in Sources */,
				661258D71EF902AD00B0C776 /* ACRegistViewController.m in Sources */,
				661258D01EF8F52000B0C776 /* ACTextFieldFactory.m in Sources */,
				661258E11EF9105C00B0C776 /* ACAttetionViewController.m in Sources */,
				66D869E01EF7CCE60014B5D3 /* ACKindViewController.m in Sources */,
				66FF2C371EF76FA500103902 /* AppDelegate.m in Sources */,
				668D8B111F05DF50002E57A8 /* ACLogisticsListViewController.m in Sources */,
				66FF2C341EF76FA500103902 /* main.m in Sources */,
				661258D41EF8FD2D00B0C776 /* ACLoginViewController.m in Sources */,
				66F092301EFCC5500051B816 /* NetworkModel.m in Sources */,
				660C83861EF916C000812833 /* ACUserInfoViewController.m in Sources */,
				66D869D91EF7B6CC0014B5D3 /* ACMainSortCell.m in Sources */,
				668D8B141F05E8CA002E57A8 /* ACLogisticsDetailViewController.m in Sources */,
				660C83891EF91A0D00812833 /* ACAvatarViewController.m in Sources */,
				66C272E11EFB9C56003CB5B3 /* ACConversationListViewController.m in Sources */,
				66C272E41EFBBE62003CB5B3 /* ACConversationViewController.m in Sources */,
				660C838C1EF91D9200812833 /* ACNicknameViewController.m in Sources */,
				66D869D21EF7A8440014B5D3 /* Helpers.m in Sources */,
				66D869EB1EF8C3EB0014B5D3 /* ACUserViewController.m in Sources */,
				661258DE1EF908CD00B0C776 /* ACShopViewController.m in Sources */,
				661258E41EF9135F00B0C776 /* ACStoreViewController.m in Sources */,
				66D869CF1EF7A7EE0014B5D3 /* ACMainKindCell.m in Sources */,
				66D869E41EF8AEFA0014B5D3 /* ACLogisticsViewController.m in Sources */,
				66D869CC1EF7A63D0014B5D3 /* ACMainAdCell.m in Sources */,
				668E89011F04EF150002465D /* ACGoodsDetailViewController.m in Sources */,
			);
			runOnlyForDeploymentPostprocessing = 0;
		};
		66FF2C441EF76FA600103902 /* Sources */ = {
			isa = PBXSourcesBuildPhase;
			buildActionMask = 2147483647;
			files = (
				66FF2C4D1EF76FA600103902 /* ArchitectureTests.m in Sources */,
			);
			runOnlyForDeploymentPostprocessing = 0;
		};
		66FF2C4F1EF76FA600103902 /* Sources */ = {
			isa = PBXSourcesBuildPhase;
			buildActionMask = 2147483647;
			files = (
				66FF2C581EF76FA600103902 /* ArchitectureUITests.m in Sources */,
			);
			runOnlyForDeploymentPostprocessing = 0;
		};
/* End PBXSourcesBuildPhase section */

/* Begin PBXTargetDependency section */
		66FF2C4A1EF76FA600103902 /* PBXTargetDependency */ = {
			isa = PBXTargetDependency;
			target = 66FF2C2E1EF76FA500103902 /* Architecture */;
			targetProxy = 66FF2C491EF76FA600103902 /* PBXContainerItemProxy */;
		};
		66FF2C551EF76FA600103902 /* PBXTargetDependency */ = {
			isa = PBXTargetDependency;
			target = 66FF2C2E1EF76FA500103902 /* Architecture */;
			targetProxy = 66FF2C541EF76FA600103902 /* PBXContainerItemProxy */;
		};
/* End PBXTargetDependency section */

/* Begin PBXVariantGroup section */
		66FF2C3B1EF76FA500103902 /* Main.storyboard */ = {
			isa = PBXVariantGroup;
			children = (
				66FF2C3C1EF76FA500103902 /* Base */,
			);
			name = Main.storyboard;
			sourceTree = "<group>";
		};
		66FF2C401EF76FA500103902 /* LaunchScreen.storyboard */ = {
			isa = PBXVariantGroup;
			children = (
				66FF2C411EF76FA500103902 /* Base */,
			);
			name = LaunchScreen.storyboard;
			sourceTree = "<group>";
		};
/* End PBXVariantGroup section */

/* Begin XCBuildConfiguration section */
		66FF2C5A1EF76FA600103902 /* Debug */ = {
			isa = XCBuildConfiguration;
			buildSettings = {
				ALWAYS_SEARCH_USER_PATHS = NO;
				CLANG_ANALYZER_NONNULL = YES;
				CLANG_ANALYZER_NUMBER_OBJECT_CONVERSION = YES_AGGRESSIVE;
				CLANG_CXX_LANGUAGE_STANDARD = "gnu++0x";
				CLANG_CXX_LIBRARY = "libc++";
				CLANG_ENABLE_MODULES = YES;
				CLANG_ENABLE_OBJC_ARC = YES;
				CLANG_WARN_BOOL_CONVERSION = YES;
				CLANG_WARN_CONSTANT_CONVERSION = YES;
				CLANG_WARN_DIRECT_OBJC_ISA_USAGE = YES_ERROR;
				CLANG_WARN_DOCUMENTATION_COMMENTS = YES;
				CLANG_WARN_EMPTY_BODY = YES;
				CLANG_WARN_ENUM_CONVERSION = YES;
				CLANG_WARN_INFINITE_RECURSION = YES;
				CLANG_WARN_INT_CONVERSION = YES;
				CLANG_WARN_OBJC_ROOT_CLASS = YES_ERROR;
				CLANG_WARN_SUSPICIOUS_MOVE = YES;
				CLANG_WARN_UNREACHABLE_CODE = YES;
				CLANG_WARN__DUPLICATE_METHOD_MATCH = YES;
				"CODE_SIGN_IDENTITY[sdk=iphoneos*]" = "iPhone Developer";
				COPY_PHASE_STRIP = NO;
				DEBUG_INFORMATION_FORMAT = dwarf;
				ENABLE_STRICT_OBJC_MSGSEND = YES;
				ENABLE_TESTABILITY = YES;
				GCC_C_LANGUAGE_STANDARD = gnu99;
				GCC_DYNAMIC_NO_PIC = NO;
				GCC_NO_COMMON_BLOCKS = YES;
				GCC_OPTIMIZATION_LEVEL = 0;
				GCC_PREPROCESSOR_DEFINITIONS = (
					"DEBUG=1",
					"$(inherited)",
				);
				GCC_WARN_64_TO_32_BIT_CONVERSION = YES;
				GCC_WARN_ABOUT_RETURN_TYPE = YES_ERROR;
				GCC_WARN_UNDECLARED_SELECTOR = YES;
				GCC_WARN_UNINITIALIZED_AUTOS = YES_AGGRESSIVE;
				GCC_WARN_UNUSED_FUNCTION = YES;
				GCC_WARN_UNUSED_VARIABLE = YES;
				IPHONEOS_DEPLOYMENT_TARGET = 10.3;
				MTL_ENABLE_DEBUG_INFO = YES;
				ONLY_ACTIVE_ARCH = YES;
				SDKROOT = iphoneos;
			};
			name = Debug;
		};
		66FF2C5B1EF76FA600103902 /* Release */ = {
			isa = XCBuildConfiguration;
			buildSettings = {
				ALWAYS_SEARCH_USER_PATHS = NO;
				CLANG_ANALYZER_NONNULL = YES;
				CLANG_ANALYZER_NUMBER_OBJECT_CONVERSION = YES_AGGRESSIVE;
				CLANG_CXX_LANGUAGE_STANDARD = "gnu++0x";
				CLANG_CXX_LIBRARY = "libc++";
				CLANG_ENABLE_MODULES = YES;
				CLANG_ENABLE_OBJC_ARC = YES;
				CLANG_WARN_BOOL_CONVERSION = YES;
				CLANG_WARN_CONSTANT_CONVERSION = YES;
				CLANG_WARN_DIRECT_OBJC_ISA_USAGE = YES_ERROR;
				CLANG_WARN_DOCUMENTATION_COMMENTS = YES;
				CLANG_WARN_EMPTY_BODY = YES;
				CLANG_WARN_ENUM_CONVERSION = YES;
				CLANG_WARN_INFINITE_RECURSION = YES;
				CLANG_WARN_INT_CONVERSION = YES;
				CLANG_WARN_OBJC_ROOT_CLASS = YES_ERROR;
				CLANG_WARN_SUSPICIOUS_MOVE = YES;
				CLANG_WARN_UNREACHABLE_CODE = YES;
				CLANG_WARN__DUPLICATE_METHOD_MATCH = YES;
				"CODE_SIGN_IDENTITY[sdk=iphoneos*]" = "iPhone Developer";
				COPY_PHASE_STRIP = NO;
				DEBUG_INFORMATION_FORMAT = "dwarf-with-dsym";
				ENABLE_NS_ASSERTIONS = NO;
				ENABLE_STRICT_OBJC_MSGSEND = YES;
				GCC_C_LANGUAGE_STANDARD = gnu99;
				GCC_NO_COMMON_BLOCKS = YES;
				GCC_WARN_64_TO_32_BIT_CONVERSION = YES;
				GCC_WARN_ABOUT_RETURN_TYPE = YES_ERROR;
				GCC_WARN_UNDECLARED_SELECTOR = YES;
				GCC_WARN_UNINITIALIZED_AUTOS = YES_AGGRESSIVE;
				GCC_WARN_UNUSED_FUNCTION = YES;
				GCC_WARN_UNUSED_VARIABLE = YES;
				IPHONEOS_DEPLOYMENT_TARGET = 10.3;
				MTL_ENABLE_DEBUG_INFO = NO;
				SDKROOT = iphoneos;
				VALIDATE_PRODUCT = YES;
			};
			name = Release;
		};
		66FF2C5D1EF76FA600103902 /* Debug */ = {
			isa = XCBuildConfiguration;
			baseConfigurationReference = DCA4C096EE17287FA82F9319 /* Pods-Architecture.debug.xcconfig */;
			buildSettings = {
				ASSETCATALOG_COMPILER_APPICON_NAME = AppIcon;
				CODE_SIGN_ENTITLEMENTS = Architecture/Architecture.entitlements;
				DEVELOPMENT_TEAM = PA5REWWP2Y;
				GCC_PRECOMPILE_PREFIX_HEADER = NO;
				GCC_PREFIX_HEADER = "";
				INFOPLIST_FILE = Architecture/Info.plist;
				IPHONEOS_DEPLOYMENT_TARGET = 8.0;
				LD_RUNPATH_SEARCH_PATHS = "$(inherited) @executable_path/Frameworks";
				PRODUCT_BUNDLE_IDENTIFIER = com.yby.Architecture;
				PRODUCT_NAME = "$(TARGET_NAME)";
			};
			name = Debug;
		};
		66FF2C5E1EF76FA600103902 /* Release */ = {
			isa = XCBuildConfiguration;
			baseConfigurationReference = 32FA63CDB5A9BF78702F8771 /* Pods-Architecture.release.xcconfig */;
			buildSettings = {
				ASSETCATALOG_COMPILER_APPICON_NAME = AppIcon;
				CODE_SIGN_ENTITLEMENTS = Architecture/Architecture.entitlements;
				DEVELOPMENT_TEAM = PA5REWWP2Y;
				GCC_PRECOMPILE_PREFIX_HEADER = NO;
				GCC_PREFIX_HEADER = "";
				INFOPLIST_FILE = Architecture/Info.plist;
				IPHONEOS_DEPLOYMENT_TARGET = 8.0;
				LD_RUNPATH_SEARCH_PATHS = "$(inherited) @executable_path/Frameworks";
				PRODUCT_BUNDLE_IDENTIFIER = com.yby.Architecture;
				PRODUCT_NAME = "$(TARGET_NAME)";
			};
			name = Release;
		};
		66FF2C601EF76FA600103902 /* Debug */ = {
			isa = XCBuildConfiguration;
			baseConfigurationReference = 0B21B8A21D00DC406DFE2B81 /* Pods-ArchitectureTests.debug.xcconfig */;
			buildSettings = {
				BUNDLE_LOADER = "$(TEST_HOST)";
				DEVELOPMENT_TEAM = PA5REWWP2Y;
				INFOPLIST_FILE = ArchitectureTests/Info.plist;
				LD_RUNPATH_SEARCH_PATHS = "$(inherited) @executable_path/Frameworks @loader_path/Frameworks";
				PRODUCT_BUNDLE_IDENTIFIER = com.yby.ArchitectureTests;
				PRODUCT_NAME = "$(TARGET_NAME)";
				TEST_HOST = "$(BUILT_PRODUCTS_DIR)/Architecture.app/Architecture";
			};
			name = Debug;
		};
		66FF2C611EF76FA600103902 /* Release */ = {
			isa = XCBuildConfiguration;
			baseConfigurationReference = BE4AFDB4623C67A1B7C0A495 /* Pods-ArchitectureTests.release.xcconfig */;
			buildSettings = {
				BUNDLE_LOADER = "$(TEST_HOST)";
				DEVELOPMENT_TEAM = PA5REWWP2Y;
				INFOPLIST_FILE = ArchitectureTests/Info.plist;
				LD_RUNPATH_SEARCH_PATHS = "$(inherited) @executable_path/Frameworks @loader_path/Frameworks";
				PRODUCT_BUNDLE_IDENTIFIER = com.yby.ArchitectureTests;
				PRODUCT_NAME = "$(TARGET_NAME)";
				TEST_HOST = "$(BUILT_PRODUCTS_DIR)/Architecture.app/Architecture";
			};
			name = Release;
		};
		66FF2C631EF76FA600103902 /* Debug */ = {
			isa = XCBuildConfiguration;
			baseConfigurationReference = F984925B32EADD2ECEA6AC92 /* Pods-ArchitectureUITests.debug.xcconfig */;
			buildSettings = {
				DEVELOPMENT_TEAM = PA5REWWP2Y;
				INFOPLIST_FILE = ArchitectureUITests/Info.plist;
				LD_RUNPATH_SEARCH_PATHS = "$(inherited) @executable_path/Frameworks @loader_path/Frameworks";
				PRODUCT_BUNDLE_IDENTIFIER = com.yby.ArchitectureUITests;
				PRODUCT_NAME = "$(TARGET_NAME)";
				TEST_TARGET_NAME = Architecture;
			};
			name = Debug;
		};
		66FF2C641EF76FA600103902 /* Release */ = {
			isa = XCBuildConfiguration;
			baseConfigurationReference = 0471F0224501307F98D8433B /* Pods-ArchitectureUITests.release.xcconfig */;
			buildSettings = {
				DEVELOPMENT_TEAM = PA5REWWP2Y;
				INFOPLIST_FILE = ArchitectureUITests/Info.plist;
				LD_RUNPATH_SEARCH_PATHS = "$(inherited) @executable_path/Frameworks @loader_path/Frameworks";
				PRODUCT_BUNDLE_IDENTIFIER = com.yby.ArchitectureUITests;
				PRODUCT_NAME = "$(TARGET_NAME)";
				TEST_TARGET_NAME = Architecture;
			};
			name = Release;
		};
/* End XCBuildConfiguration section */

/* Begin XCConfigurationList section */
		66FF2C2A1EF76FA500103902 /* Build configuration list for PBXProject "Architecture" */ = {
			isa = XCConfigurationList;
			buildConfigurations = (
				66FF2C5A1EF76FA600103902 /* Debug */,
				66FF2C5B1EF76FA600103902 /* Release */,
			);
			defaultConfigurationIsVisible = 0;
			defaultConfigurationName = Release;
		};
		66FF2C5C1EF76FA600103902 /* Build configuration list for PBXNativeTarget "Architecture" */ = {
			isa = XCConfigurationList;
			buildConfigurations = (
				66FF2C5D1EF76FA600103902 /* Debug */,
				66FF2C5E1EF76FA600103902 /* Release */,
			);
			defaultConfigurationIsVisible = 0;
			defaultConfigurationName = Release;
		};
		66FF2C5F1EF76FA600103902 /* Build configuration list for PBXNativeTarget "ArchitectureTests" */ = {
			isa = XCConfigurationList;
			buildConfigurations = (
				66FF2C601EF76FA600103902 /* Debug */,
				66FF2C611EF76FA600103902 /* Release */,
			);
			defaultConfigurationIsVisible = 0;
			defaultConfigurationName = Release;
		};
		66FF2C621EF76FA600103902 /* Build configuration list for PBXNativeTarget "ArchitectureUITests" */ = {
			isa = XCConfigurationList;
			buildConfigurations = (
				66FF2C631EF76FA600103902 /* Debug */,
				66FF2C641EF76FA600103902 /* Release */,
			);
			defaultConfigurationIsVisible = 0;
			defaultConfigurationName = Release;
		};
/* End XCConfigurationList section */
	};
	rootObject = 66FF2C271EF76FA500103902 /* Project object */;
}
